
Microsoft Visual Studio Solution File, Format Version 12.00
# Visual Studio 14
VisualStudioVersion = 14.0.25420.1
MinimumVisualStudioVersion = 10.0.40219.1
Project("{FAE04EC0-301F-11D3-BF4B-00C04F79EFBC}") = "WNMPanel", "WNMPanel\WNMPanel.csproj", "{72A29C0B-3B5B-4EF5-83C9-C1821102735B}"
EndProject
Project("{FAE04EC0-301F-11D3-BF4B-00C04F79EFBC}") = "PhpIniParser", "PhpIniParser\PhpIniParser.csproj", "{6B33618A-D876-4606-867C-67CE5923B546}"
EndProject
Global
	GlobalSection(SolutionConfigurationPlatforms) = preSolution
		Debug|Any CPU = Debug|Any CPU
		Release|Any CPU = Release|Any CPU
	EndGlobalSection
	GlobalSection(ProjectConfigurationPlatforms) = postSolution
		{72A29C0B-3B5B-4EF5-83C9-C1821102735B}.Debug|Any CPU.ActiveCfg = Debug|Any CPU
		{72A29C0B-3B5B-4EF5-83C9-C1821102735B}.Debug|Any CPU.Build.0 = Debug|Any CPU
		{72A29C0B-3B5B-4EF5-83C9-C1821102735B}.Release|Any CPU.ActiveCfg = Release|Any CPU
		{72A29C0B-3B5B-4EF5-83C9-C1821102735B}.Release|Any CPU.Build.0 = Release|Any CPU
		{6B33618A-D876-4606-867C-67CE5923B546}.Debug|Any CPU.ActiveCfg = Debug|Any CPU
		{6B33618A-D876-4606-867C-67CE5923B546}.Debug|Any CPU.Build.0 = Debug|Any CPU
		{6B33618A-D876-4606-867C-67CE5923B546}.Release|Any CPU.ActiveCfg = Release|Any CPU
		{6B33618A-D876-4606-867C-67CE5923B546}.Release|Any CPU.Build.0 = Release|Any CPU
	EndGlobalSection
	GlobalSection(SolutionProperties) = preSolution
		HideSolutionNode = FALSE
	EndGlobalSection
EndGlobal
